<Solution>
  <Folder Name="/src/">
    <Project Path="src/Banking.Api/Banking.Api.csproj" />
    <Project Path="src/Banking.Application/Banking.Application.csproj" />
    <Project Path="src/Banking.Domain/Banking.Domain.csproj" />
    <Project Path="src/Banking.Infrastructure/Banking.Infrastructure.csproj" />
  </Folder>
</Solution>
